
Microsoft Visual Studio Solution File, Format Version 12.00
# Visual Studio Version 16
VisualStudioVersion = 16.0.31911.196
MinimumVisualStudioVersion = 10.0.40219.1
Project("{9A19103F-16F7-4668-BE54-9A1E7A4F7556}") = "DataStructure", "src\DataStructure.csproj", "{562FEAE7-DFB9-4D1C-86EB-4B6EACC3D111}"
EndProject
Project("{9A19103F-16F7-4668-BE54-9A1E7A4F7556}") = "DataStructure.Test", "test\DataStructure.Test\DataStructure.Test.csproj", "{54D661A5-60D0-4D03-B3A3-9CF40D55AC01}"
EndProject
Project("{2150E333-8FDC-42A3-9474-1A3956D46DE8}") = "notes", "notes", "{F7A4945E-2FA9-41B4-A8FC-36BC5CFAC0D6}"
	ProjectSection(SolutionItems) = preProject
		note\P01 认识复杂度和简单排序算法.md = note\P01 认识复杂度和简单排序算法.md
		note\P02 认识O(NlogN)的排序.md = note\P02 认识O(NlogN)的排序.md
	EndProjectSection
EndProject
Global
	GlobalSection(SolutionConfigurationPlatforms) = preSolution
		Debug|Any CPU = Debug|Any CPU
		Release|Any CPU = Release|Any CPU
	EndGlobalSection
	GlobalSection(ProjectConfigurationPlatforms) = postSolution
		{562FEAE7-DFB9-4D1C-86EB-4B6EACC3D111}.Debug|Any CPU.ActiveCfg = Debug|Any CPU
		{562FEAE7-DFB9-4D1C-86EB-4B6EACC3D111}.Debug|Any CPU.Build.0 = Debug|Any CPU
		{562FEAE7-DFB9-4D1C-86EB-4B6EACC3D111}.Release|Any CPU.ActiveCfg = Release|Any CPU
		{562FEAE7-DFB9-4D1C-86EB-4B6EACC3D111}.Release|Any CPU.Build.0 = Release|Any CPU
		{54D661A5-60D0-4D03-B3A3-9CF40D55AC01}.Debug|Any CPU.ActiveCfg = Debug|Any CPU
		{54D661A5-60D0-4D03-B3A3-9CF40D55AC01}.Debug|Any CPU.Build.0 = Debug|Any CPU
		{54D661A5-60D0-4D03-B3A3-9CF40D55AC01}.Release|Any CPU.ActiveCfg = Release|Any CPU
		{54D661A5-60D0-4D03-B3A3-9CF40D55AC01}.Release|Any CPU.Build.0 = Release|Any CPU
	EndGlobalSection
	GlobalSection(SolutionProperties) = preSolution
		HideSolutionNode = FALSE
	EndGlobalSection
	GlobalSection(ExtensibilityGlobals) = postSolution
		SolutionGuid = {9517B746-0E3A-4C0B-86B8-0681EF309453}
	EndGlobalSection
EndGlobal
